
Microsoft Visual Studio Solution File, Format Version 12.00
# Visual Studio Version 16
VisualStudioVersion = 16.0.28315.86
MinimumVisualStudioVersion = 10.0.40219.1
Project("{2150E333-8FDC-42A3-9474-1A3956D46DE8}") = "Engine", "Engine", "{D3B61130-48B3-4E2F-8083-1BA959006D8A}"
EndProject
Project("{2150E333-8FDC-42A3-9474-1A3956D46DE8}") = "Games", "Games", "{0B6262BE-F67A-4B0A-8E2E-BE08DFF039E4}"
EndProject
Project("{8BC9CEB8-8B4A-11D0-8D11-00A0C91BC942}") = "Material", "Intermediate\ProjectFiles\Material.vcxproj", "{C3AABBCB-BE21-499E-B0FF-9B21B2AC26AD}"
EndProject
Project("{8BC9CEB8-8B4A-11D0-8D11-00A0C91BC942}") = "UE4", "Intermediate\ProjectFiles\UE4.vcxproj", "{620929C6-FFB8-4009-BF48-D9A3D8C2FF19}"
EndProject
Project("{2150E333-8FDC-42A3-9474-1A3956D46DE8}") = "Visualizers", "Visualizers", "{06F45A23-B06B-4249-8A0E-0BEB75DC348C}"
	ProjectSection(SolutionItems) = preProject
		D:\03.Program\Epic Games\UE_4.22\Engine\Extras\VisualStudioDebugging\UE4.natvis = D:\03.Program\Epic Games\UE_4.22\Engine\Extras\VisualStudioDebugging\UE4.natvis
	EndProjectSection
EndProject
Global
	GlobalSection(SolutionConfigurationPlatforms) = preSolution
		DebugGame Editor|HTML5 = DebugGame Editor|HTML5
		DebugGame Editor|IOS = DebugGame Editor|IOS
		DebugGame Editor|Win32 = DebugGame Editor|Win32
		DebugGame Editor|Win64 = DebugGame Editor|Win64
		DebugGame|HTML5 = DebugGame|HTML5
		DebugGame|IOS = DebugGame|IOS
		DebugGame|Win32 = DebugGame|Win32
		DebugGame|Win64 = DebugGame|Win64
		Development Editor|HTML5 = Development Editor|HTML5
		Development Editor|IOS = Development Editor|IOS
		Development Editor|Win32 = Development Editor|Win32
		Development Editor|Win64 = Development Editor|Win64
		Development|HTML5 = Development|HTML5
		Development|IOS = Development|IOS
		Development|Win32 = Development|Win32
		Development|Win64 = Development|Win64
		Shipping|HTML5 = Shipping|HTML5
		Shipping|IOS = Shipping|IOS
		Shipping|Win32 = Shipping|Win32
		Shipping|Win64 = Shipping|Win64
	EndGlobalSection
	GlobalSection(ProjectConfigurationPlatforms) = postSolution
		{C3AABBCB-BE21-499E-B0FF-9B21B2AC26AD}.DebugGame Editor|HTML5.ActiveCfg = Invalid|Win32
		{C3AABBCB-BE21-499E-B0FF-9B21B2AC26AD}.DebugGame Editor|IOS.ActiveCfg = Invalid|Win32
		{C3AABBCB-BE21-499E-B0FF-9B21B2AC26AD}.DebugGame Editor|Win32.ActiveCfg = Invalid|Win32
		{C3AABBCB-BE21-499E-B0FF-9B21B2AC26AD}.DebugGame Editor|Win64.ActiveCfg = DebugGame_Editor|x64
		{C3AABBCB-BE21-499E-B0FF-9B21B2AC26AD}.DebugGame Editor|Win64.Build.0 = DebugGame_Editor|x64
		{C3AABBCB-BE21-499E-B0FF-9B21B2AC26AD}.DebugGame|HTML5.ActiveCfg = HTML5_DebugGame|Win32
		{C3AABBCB-BE21-499E-B0FF-9B21B2AC26AD}.DebugGame|HTML5.Build.0 = HTML5_DebugGame|Win32
		{C3AABBCB-BE21-499E-B0FF-9B21B2AC26AD}.DebugGame|IOS.ActiveCfg = IOS_DebugGame|Win32
		{C3AABBCB-BE21-499E-B0FF-9B21B2AC26AD}.DebugGame|IOS.Build.0 = IOS_DebugGame|Win32
		{C3AABBCB-BE21-499E-B0FF-9B21B2AC26AD}.DebugGame|Win32.ActiveCfg = DebugGame|Win32
		{C3AABBCB-BE21-499E-B0FF-9B21B2AC26AD}.DebugGame|Win32.Build.0 = DebugGame|Win32
		{C3AABBCB-BE21-499E-B0FF-9B21B2AC26AD}.DebugGame|Win64.ActiveCfg = DebugGame|x64
		{C3AABBCB-BE21-499E-B0FF-9B21B2AC26AD}.DebugGame|Win64.Build.0 = DebugGame|x64
		{C3AABBCB-BE21-499E-B0FF-9B21B2AC26AD}.Development Editor|HTML5.ActiveCfg = Invalid|Win32
		{C3AABBCB-BE21-499E-B0FF-9B21B2AC26AD}.Development Editor|IOS.ActiveCfg = Invalid|Win32
		{C3AABBCB-BE21-499E-B0FF-9B21B2AC26AD}.Development Editor|Win32.ActiveCfg = Invalid|Win32
		{C3AABBCB-BE21-499E-B0FF-9B21B2AC26AD}.Development Editor|Win64.ActiveCfg = Development_Editor|x64
		{C3AABBCB-BE21-499E-B0FF-9B21B2AC26AD}.Development Editor|Win64.Build.0 = Development_Editor|x64
		{C3AABBCB-BE21-499E-B0FF-9B21B2AC26AD}.Development|HTML5.ActiveCfg = HTML5_Development|Win32
		{C3AABBCB-BE21-499E-B0FF-9B21B2AC26AD}.Development|HTML5.Build.0 = HTML5_Development|Win32
		{C3AABBCB-BE21-499E-B0FF-9B21B2AC26AD}.Development|IOS.ActiveCfg = IOS_Development|Win32
		{C3AABBCB-BE21-499E-B0FF-9B21B2AC26AD}.Development|IOS.Build.0 = IOS_Development|Win32
		{C3AABBCB-BE21-499E-B0FF-9B21B2AC26AD}.Development|Win32.ActiveCfg = Development|Win32
		{C3AABBCB-BE21-499E-B0FF-9B21B2AC26AD}.Development|Win32.Build.0 = Development|Win32
		{C3AABBCB-BE21-499E-B0FF-9B21B2AC26AD}.Development|Win64.ActiveCfg = Development|x64
		{C3AABBCB-BE21-499E-B0FF-9B21B2AC26AD}.Development|Win64.Build.0 = Development|x64
		{C3AABBCB-BE21-499E-B0FF-9B21B2AC26AD}.Shipping|HTML5.ActiveCfg = HTML5_Shipping|Win32
		{C3AABBCB-BE21-499E-B0FF-9B21B2AC26AD}.Shipping|HTML5.Build.0 = HTML5_Shipping|Win32
		{C3AABBCB-BE21-499E-B0FF-9B21B2AC26AD}.Shipping|IOS.ActiveCfg = IOS_Shipping|Win32
		{C3AABBCB-BE21-499E-B0FF-9B21B2AC26AD}.Shipping|IOS.Build.0 = IOS_Shipping|Win32
		{C3AABBCB-BE21-499E-B0FF-9B21B2AC26AD}.Shipping|Win32.ActiveCfg = Shipping|Win32
		{C3AABBCB-BE21-499E-B0FF-9B21B2AC26AD}.Shipping|Win32.Build.0 = Shipping|Win32
		{C3AABBCB-BE21-499E-B0FF-9B21B2AC26AD}.Shipping|Win64.ActiveCfg = Shipping|x64
		{C3AABBCB-BE21-499E-B0FF-9B21B2AC26AD}.Shipping|Win64.Build.0 = Shipping|x64
		{620929C6-FFB8-4009-BF48-D9A3D8C2FF19}.DebugGame Editor|HTML5.ActiveCfg = BuiltWithUnrealBuildTool|Win32
		{620929C6-FFB8-4009-BF48-D9A3D8C2FF19}.DebugGame Editor|IOS.ActiveCfg = BuiltWithUnrealBuildTool|Win32
		{620929C6-FFB8-4009-BF48-D9A3D8C2FF19}.DebugGame Editor|Win32.ActiveCfg = BuiltWithUnrealBuildTool|Win32
		{620929C6-FFB8-4009-BF48-D9A3D8C2FF19}.DebugGame Editor|Win64.ActiveCfg = BuiltWithUnrealBuildTool|Win32
		{620929C6-FFB8-4009-BF48-D9A3D8C2FF19}.DebugGame|HTML5.ActiveCfg = BuiltWithUnrealBuildTool|Win32
		{620929C6-FFB8-4009-BF48-D9A3D8C2FF19}.DebugGame|IOS.ActiveCfg = BuiltWithUnrealBuildTool|Win32
		{620929C6-FFB8-4009-BF48-D9A3D8C2FF19}.DebugGame|Win32.ActiveCfg = BuiltWithUnrealBuildTool|Win32
		{620929C6-FFB8-4009-BF48-D9A3D8C2FF19}.DebugGame|Win64.ActiveCfg = BuiltWithUnrealBuildTool|Win32
		{620929C6-FFB8-4009-BF48-D9A3D8C2FF19}.Development Editor|HTML5.ActiveCfg = BuiltWithUnrealBuildTool|Win32
		{620929C6-FFB8-4009-BF48-D9A3D8C2FF19}.Development Editor|IOS.ActiveCfg = BuiltWithUnrealBuildTool|Win32
		{620929C6-FFB8-4009-BF48-D9A3D8C2FF19}.Development Editor|Win32.ActiveCfg = BuiltWithUnrealBuildTool|Win32
		{620929C6-FFB8-4009-BF48-D9A3D8C2FF19}.Development Editor|Win64.ActiveCfg = BuiltWithUnrealBuildTool|Win32
		{620929C6-FFB8-4009-BF48-D9A3D8C2FF19}.Development|HTML5.ActiveCfg = BuiltWithUnrealBuildTool|Win32
		{620929C6-FFB8-4009-BF48-D9A3D8C2FF19}.Development|IOS.ActiveCfg = BuiltWithUnrealBuildTool|Win32
		{620929C6-FFB8-4009-BF48-D9A3D8C2FF19}.Development|Win32.ActiveCfg = BuiltWithUnrealBuildTool|Win32
		{620929C6-FFB8-4009-BF48-D9A3D8C2FF19}.Development|Win64.ActiveCfg = BuiltWithUnrealBuildTool|Win32
		{620929C6-FFB8-4009-BF48-D9A3D8C2FF19}.Shipping|HTML5.ActiveCfg = BuiltWithUnrealBuildTool|Win32
		{620929C6-FFB8-4009-BF48-D9A3D8C2FF19}.Shipping|IOS.ActiveCfg = BuiltWithUnrealBuildTool|Win32
		{620929C6-FFB8-4009-BF48-D9A3D8C2FF19}.Shipping|Win32.ActiveCfg = BuiltWithUnrealBuildTool|Win32
		{620929C6-FFB8-4009-BF48-D9A3D8C2FF19}.Shipping|Win64.ActiveCfg = BuiltWithUnrealBuildTool|Win32
	EndGlobalSection
	GlobalSection(SolutionProperties) = preSolution
		HideSolutionNode = FALSE
	EndGlobalSection
	GlobalSection(NestedProjects) = preSolution
		{620929C6-FFB8-4009-BF48-D9A3D8C2FF19} = {D3B61130-48B3-4E2F-8083-1BA959006D8A}
		{C3AABBCB-BE21-499E-B0FF-9B21B2AC26AD} = {0B6262BE-F67A-4B0A-8E2E-BE08DFF039E4}
	EndGlobalSection
EndGlobal
