
Microsoft Visual Studio Solution File, Format Version 12.00
# Visual Studio Version 16
VisualStudioVersion = 16.0.28315.86
MinimumVisualStudioVersion = 10.0.40219.1
Project("{2150E333-8FDC-42A3-9474-1A3956D46DE8}") = "Engine", "Engine", "{8EE04278-8690-450A-8B39-338261DA67A0}"
EndProject
Project("{2150E333-8FDC-42A3-9474-1A3956D46DE8}") = "Games", "Games", "{3DB1D799-24DA-4F0C-94CF-78FC931ADD5B}"
EndProject
Project("{8BC9CEB8-8B4A-11D0-8D11-00A0C91BC942}") = "Bellz", "Intermediate\ProjectFiles\Bellz.vcxproj", "{FC68B7FB-192F-4C36-A444-5C59EB1399B0}"
EndProject
Project("{8BC9CEB8-8B4A-11D0-8D11-00A0C91BC942}") = "UE4", "Intermediate\ProjectFiles\UE4.vcxproj", "{AED0F258-255A-41CE-B23E-D3DBEB3F30C9}"
EndProject
Project("{2150E333-8FDC-42A3-9474-1A3956D46DE8}") = "Visualizers", "Visualizers", "{8ECEECDC-8E2F-4614-897F-1F32D149F744}"
	ProjectSection(SolutionItems) = preProject
		D:\03.Program\Epic Games\UE_4.22\Engine\Extras\VisualStudioDebugging\UE4.natvis = D:\03.Program\Epic Games\UE_4.22\Engine\Extras\VisualStudioDebugging\UE4.natvis
	EndProjectSection
EndProject
Global
	GlobalSection(SolutionConfigurationPlatforms) = preSolution
		DebugGame Editor|HTML5 = DebugGame Editor|HTML5
		DebugGame Editor|IOS = DebugGame Editor|IOS
		DebugGame Editor|Win32 = DebugGame Editor|Win32
		DebugGame Editor|Win64 = DebugGame Editor|Win64
		DebugGame|HTML5 = DebugGame|HTML5
		DebugGame|IOS = DebugGame|IOS
		DebugGame|Win32 = DebugGame|Win32
		DebugGame|Win64 = DebugGame|Win64
		Development Editor|HTML5 = Development Editor|HTML5
		Development Editor|IOS = Development Editor|IOS
		Development Editor|Win32 = Development Editor|Win32
		Development Editor|Win64 = Development Editor|Win64
		Development|HTML5 = Development|HTML5
		Development|IOS = Development|IOS
		Development|Win32 = Development|Win32
		Development|Win64 = Development|Win64
		Shipping|HTML5 = Shipping|HTML5
		Shipping|IOS = Shipping|IOS
		Shipping|Win32 = Shipping|Win32
		Shipping|Win64 = Shipping|Win64
	EndGlobalSection
	GlobalSection(ProjectConfigurationPlatforms) = postSolution
		{FC68B7FB-192F-4C36-A444-5C59EB1399B0}.DebugGame Editor|HTML5.ActiveCfg = Invalid|Win32
		{FC68B7FB-192F-4C36-A444-5C59EB1399B0}.DebugGame Editor|IOS.ActiveCfg = Invalid|Win32
		{FC68B7FB-192F-4C36-A444-5C59EB1399B0}.DebugGame Editor|Win32.ActiveCfg = Invalid|Win32
		{FC68B7FB-192F-4C36-A444-5C59EB1399B0}.DebugGame Editor|Win64.ActiveCfg = DebugGame_Editor|x64
		{FC68B7FB-192F-4C36-A444-5C59EB1399B0}.DebugGame Editor|Win64.Build.0 = DebugGame_Editor|x64
		{FC68B7FB-192F-4C36-A444-5C59EB1399B0}.DebugGame|HTML5.ActiveCfg = HTML5_DebugGame|Win32
		{FC68B7FB-192F-4C36-A444-5C59EB1399B0}.DebugGame|HTML5.Build.0 = HTML5_DebugGame|Win32
		{FC68B7FB-192F-4C36-A444-5C59EB1399B0}.DebugGame|IOS.ActiveCfg = IOS_DebugGame|Win32
		{FC68B7FB-192F-4C36-A444-5C59EB1399B0}.DebugGame|IOS.Build.0 = IOS_DebugGame|Win32
		{FC68B7FB-192F-4C36-A444-5C59EB1399B0}.DebugGame|Win32.ActiveCfg = DebugGame|Win32
		{FC68B7FB-192F-4C36-A444-5C59EB1399B0}.DebugGame|Win32.Build.0 = DebugGame|Win32
		{FC68B7FB-192F-4C36-A444-5C59EB1399B0}.DebugGame|Win64.ActiveCfg = DebugGame|x64
		{FC68B7FB-192F-4C36-A444-5C59EB1399B0}.DebugGame|Win64.Build.0 = DebugGame|x64
		{FC68B7FB-192F-4C36-A444-5C59EB1399B0}.Development Editor|HTML5.ActiveCfg = Invalid|Win32
		{FC68B7FB-192F-4C36-A444-5C59EB1399B0}.Development Editor|IOS.ActiveCfg = Invalid|Win32
		{FC68B7FB-192F-4C36-A444-5C59EB1399B0}.Development Editor|Win32.ActiveCfg = Invalid|Win32
		{FC68B7FB-192F-4C36-A444-5C59EB1399B0}.Development Editor|Win64.ActiveCfg = Development_Editor|x64
		{FC68B7FB-192F-4C36-A444-5C59EB1399B0}.Development Editor|Win64.Build.0 = Development_Editor|x64
		{FC68B7FB-192F-4C36-A444-5C59EB1399B0}.Development|HTML5.ActiveCfg = HTML5_Development|Win32
		{FC68B7FB-192F-4C36-A444-5C59EB1399B0}.Development|HTML5.Build.0 = HTML5_Development|Win32
		{FC68B7FB-192F-4C36-A444-5C59EB1399B0}.Development|IOS.ActiveCfg = IOS_Development|Win32
		{FC68B7FB-192F-4C36-A444-5C59EB1399B0}.Development|IOS.Build.0 = IOS_Development|Win32
		{FC68B7FB-192F-4C36-A444-5C59EB1399B0}.Development|Win32.ActiveCfg = Development|Win32
		{FC68B7FB-192F-4C36-A444-5C59EB1399B0}.Development|Win32.Build.0 = Development|Win32
		{FC68B7FB-192F-4C36-A444-5C59EB1399B0}.Development|Win64.ActiveCfg = Development|x64
		{FC68B7FB-192F-4C36-A444-5C59EB1399B0}.Development|Win64.Build.0 = Development|x64
		{FC68B7FB-192F-4C36-A444-5C59EB1399B0}.Shipping|HTML5.ActiveCfg = HTML5_Shipping|Win32
		{FC68B7FB-192F-4C36-A444-5C59EB1399B0}.Shipping|HTML5.Build.0 = HTML5_Shipping|Win32
		{FC68B7FB-192F-4C36-A444-5C59EB1399B0}.Shipping|IOS.ActiveCfg = IOS_Shipping|Win32
		{FC68B7FB-192F-4C36-A444-5C59EB1399B0}.Shipping|IOS.Build.0 = IOS_Shipping|Win32
		{FC68B7FB-192F-4C36-A444-5C59EB1399B0}.Shipping|Win32.ActiveCfg = Shipping|Win32
		{FC68B7FB-192F-4C36-A444-5C59EB1399B0}.Shipping|Win32.Build.0 = Shipping|Win32
		{FC68B7FB-192F-4C36-A444-5C59EB1399B0}.Shipping|Win64.ActiveCfg = Shipping|x64
		{FC68B7FB-192F-4C36-A444-5C59EB1399B0}.Shipping|Win64.Build.0 = Shipping|x64
		{AED0F258-255A-41CE-B23E-D3DBEB3F30C9}.DebugGame Editor|HTML5.ActiveCfg = BuiltWithUnrealBuildTool|Win32
		{AED0F258-255A-41CE-B23E-D3DBEB3F30C9}.DebugGame Editor|IOS.ActiveCfg = BuiltWithUnrealBuildTool|Win32
		{AED0F258-255A-41CE-B23E-D3DBEB3F30C9}.DebugGame Editor|Win32.ActiveCfg = BuiltWithUnrealBuildTool|Win32
		{AED0F258-255A-41CE-B23E-D3DBEB3F30C9}.DebugGame Editor|Win64.ActiveCfg = BuiltWithUnrealBuildTool|Win32
		{AED0F258-255A-41CE-B23E-D3DBEB3F30C9}.DebugGame|HTML5.ActiveCfg = BuiltWithUnrealBuildTool|Win32
		{AED0F258-255A-41CE-B23E-D3DBEB3F30C9}.DebugGame|IOS.ActiveCfg = BuiltWithUnrealBuildTool|Win32
		{AED0F258-255A-41CE-B23E-D3DBEB3F30C9}.DebugGame|Win32.ActiveCfg = BuiltWithUnrealBuildTool|Win32
		{AED0F258-255A-41CE-B23E-D3DBEB3F30C9}.DebugGame|Win64.ActiveCfg = BuiltWithUnrealBuildTool|Win32
		{AED0F258-255A-41CE-B23E-D3DBEB3F30C9}.Development Editor|HTML5.ActiveCfg = BuiltWithUnrealBuildTool|Win32
		{AED0F258-255A-41CE-B23E-D3DBEB3F30C9}.Development Editor|IOS.ActiveCfg = BuiltWithUnrealBuildTool|Win32
		{AED0F258-255A-41CE-B23E-D3DBEB3F30C9}.Development Editor|Win32.ActiveCfg = BuiltWithUnrealBuildTool|Win32
		{AED0F258-255A-41CE-B23E-D3DBEB3F30C9}.Development Editor|Win64.ActiveCfg = BuiltWithUnrealBuildTool|Win32
		{AED0F258-255A-41CE-B23E-D3DBEB3F30C9}.Development|HTML5.ActiveCfg = BuiltWithUnrealBuildTool|Win32
		{AED0F258-255A-41CE-B23E-D3DBEB3F30C9}.Development|IOS.ActiveCfg = BuiltWithUnrealBuildTool|Win32
		{AED0F258-255A-41CE-B23E-D3DBEB3F30C9}.Development|Win32.ActiveCfg = BuiltWithUnrealBuildTool|Win32
		{AED0F258-255A-41CE-B23E-D3DBEB3F30C9}.Development|Win64.ActiveCfg = BuiltWithUnrealBuildTool|Win32
		{AED0F258-255A-41CE-B23E-D3DBEB3F30C9}.Shipping|HTML5.ActiveCfg = BuiltWithUnrealBuildTool|Win32
		{AED0F258-255A-41CE-B23E-D3DBEB3F30C9}.Shipping|IOS.ActiveCfg = BuiltWithUnrealBuildTool|Win32
		{AED0F258-255A-41CE-B23E-D3DBEB3F30C9}.Shipping|Win32.ActiveCfg = BuiltWithUnrealBuildTool|Win32
		{AED0F258-255A-41CE-B23E-D3DBEB3F30C9}.Shipping|Win64.ActiveCfg = BuiltWithUnrealBuildTool|Win32
	EndGlobalSection
	GlobalSection(SolutionProperties) = preSolution
		HideSolutionNode = FALSE
	EndGlobalSection
	GlobalSection(NestedProjects) = preSolution
		{AED0F258-255A-41CE-B23E-D3DBEB3F30C9} = {8EE04278-8690-450A-8B39-338261DA67A0}
		{FC68B7FB-192F-4C36-A444-5C59EB1399B0} = {3DB1D799-24DA-4F0C-94CF-78FC931ADD5B}
	EndGlobalSection
EndGlobal
